
Microsoft Visual Studio Solution File, Format Version 12.00
# Visual Studio 15
VisualStudioVersion = 15.0.28010.2036
MinimumVisualStudioVersion = 10.0.40219.1
Project("{8BC9CEB8-8B4A-11D0-8D11-00A0C91BC942}") = "lab_1", "lab_1\lab_1.vcxproj", "{114C9CB2-9315-4D17-9628-D7AD798088CC}"
EndProject
Global
	GlobalSection(SolutionConfigurationPlatforms) = preSolution
		Debug|x64 = Debug|x64
		Debug|x86 = Debug|x86
		Release|x64 = Release|x64
		Release|x86 = Release|x86
	EndGlobalSection
	GlobalSection(ProjectConfigurationPlatforms) = postSolution
		{114C9CB2-9315-4D17-9628-D7AD798088CC}.Debug|x64.ActiveCfg = Debug|x64
		{114C9CB2-9315-4D17-9628-D7AD798088CC}.Debug|x64.Build.0 = Debug|x64
		{114C9CB2-9315-4D17-9628-D7AD798088CC}.Debug|x86.ActiveCfg = Debug|Win32
		{114C9CB2-9315-4D17-9628-D7AD798088CC}.Debug|x86.Build.0 = Debug|Win32
		{114C9CB2-9315-4D17-9628-D7AD798088CC}.Release|x64.ActiveCfg = Release|x64
		{114C9CB2-9315-4D17-9628-D7AD798088CC}.Release|x64.Build.0 = Release|x64
		{114C9CB2-9315-4D17-9628-D7AD798088CC}.Release|x86.ActiveCfg = Release|Win32
		{114C9CB2-9315-4D17-9628-D7AD798088CC}.Release|x86.Build.0 = Release|Win32
	EndGlobalSection
	GlobalSection(SolutionProperties) = preSolution
		HideSolutionNode = FALSE
	EndGlobalSection
	GlobalSection(ExtensibilityGlobals) = postSolution
		SolutionGuid = {3A7CB714-BC8B-467B-86FE-C94CE8D296F5}
	EndGlobalSection
EndGlobal
